
Microsoft Visual Studio Solution File, Format Version 12.00
Project("{FAE04EC0-301F-11D3-BF4B-00C04F79EFBC}") = "HtnHello", "HtnHello\HtnHello.csproj", "{462EF4D2-C91E-426A-B4B0-5A244A4670C6}"
EndProject
Project("{FAE04EC0-301F-11D3-BF4B-00C04F79EFBC}") = "HtnHelloTest", "HtnHelloTest\HtnHelloTest.csproj", "{A9D8277E-A60C-408B-BC2D-CCD4C4F9860D}"
EndProject
Global
	GlobalSection(SolutionConfigurationPlatforms) = preSolution
		Debug|Any CPU = Debug|Any CPU
		Release|Any CPU = Release|Any CPU
	EndGlobalSection
	GlobalSection(ProjectConfigurationPlatforms) = postSolution
		{462EF4D2-C91E-426A-B4B0-5A244A4670C6}.Debug|Any CPU.ActiveCfg = Debug|Any CPU
		{462EF4D2-C91E-426A-B4B0-5A244A4670C6}.Debug|Any CPU.Build.0 = Debug|Any CPU
		{462EF4D2-C91E-426A-B4B0-5A244A4670C6}.Release|Any CPU.ActiveCfg = Release|Any CPU
		{462EF4D2-C91E-426A-B4B0-5A244A4670C6}.Release|Any CPU.Build.0 = Release|Any CPU
		{A9D8277E-A60C-408B-BC2D-CCD4C4F9860D}.Debug|Any CPU.ActiveCfg = Debug|Any CPU
		{A9D8277E-A60C-408B-BC2D-CCD4C4F9860D}.Debug|Any CPU.Build.0 = Debug|Any CPU
		{A9D8277E-A60C-408B-BC2D-CCD4C4F9860D}.Release|Any CPU.ActiveCfg = Release|Any CPU
		{A9D8277E-A60C-408B-BC2D-CCD4C4F9860D}.Release|Any CPU.Build.0 = Release|Any CPU
	EndGlobalSection
EndGlobal
